
Microsoft Visual Studio Solution File, Format Version 12.00
# Visual Studio 15
VisualStudioVersion = 15.0.27428.2043
MinimumVisualStudioVersion = 10.0.40219.1
Project("{FAE04EC0-301F-11D3-BF4B-00C04F79EFBC}") = "TheLearningCenter", "TheLearningCenter\TheLearningCenter.csproj", "{9C1CF6C5-734B-4123-B696-6C94C2F03F4A}"
EndProject
Global
	GlobalSection(SolutionConfigurationPlatforms) = preSolution
		Debug|Any CPU = Debug|Any CPU
		Release|Any CPU = Release|Any CPU
	EndGlobalSection
	GlobalSection(ProjectConfigurationPlatforms) = postSolution
		{9C1CF6C5-734B-4123-B696-6C94C2F03F4A}.Debug|Any CPU.ActiveCfg = Debug|Any CPU
		{9C1CF6C5-734B-4123-B696-6C94C2F03F4A}.Debug|Any CPU.Build.0 = Debug|Any CPU
		{9C1CF6C5-734B-4123-B696-6C94C2F03F4A}.Release|Any CPU.ActiveCfg = Release|Any CPU
		{9C1CF6C5-734B-4123-B696-6C94C2F03F4A}.Release|Any CPU.Build.0 = Release|Any CPU
	EndGlobalSection
	GlobalSection(SolutionProperties) = preSolution
		HideSolutionNode = FALSE
	EndGlobalSection
	GlobalSection(ExtensibilityGlobals) = postSolution
		SolutionGuid = {E64507EE-DE35-40C0-8A72-F468835CD0E7}
	EndGlobalSection
EndGlobal
